
Microsoft Visual Studio Solution File, Format Version 12.00
# Visual Studio Version 17
VisualStudioVersion = 17.4.33213.308
MinimumVisualStudioVersion = 10.0.40219.1
Project("{9A19103F-16F7-4668-BE54-9A1E7A4F7556}") = "ASP.NET.react", "ASP.NET.react\ASP.NET.react.csproj", "{0296EE07-8E9C-4819-8793-48037E2627E4}"
EndProject
Project("{9A19103F-16F7-4668-BE54-9A1E7A4F7556}") = "BLL", "BLL\BLL.csproj", "{D774B649-DFA0-4786-9C01-85CC19134710}"
EndProject
Project("{9A19103F-16F7-4668-BE54-9A1E7A4F7556}") = "DAL", "DAL\DAL.csproj", "{38B2DD38-F7D5-4EE3-B3C6-83EFD2D76580}"
EndProject
Global
	GlobalSection(SolutionConfigurationPlatforms) = preSolution
		Debug|Any CPU = Debug|Any CPU
		Release|Any CPU = Release|Any CPU
	EndGlobalSection
	GlobalSection(ProjectConfigurationPlatforms) = postSolution
		{0296EE07-8E9C-4819-8793-48037E2627E4}.Debug|Any CPU.ActiveCfg = Debug|Any CPU
		{0296EE07-8E9C-4819-8793-48037E2627E4}.Debug|Any CPU.Build.0 = Debug|Any CPU
		{0296EE07-8E9C-4819-8793-48037E2627E4}.Release|Any CPU.ActiveCfg = Release|Any CPU
		{0296EE07-8E9C-4819-8793-48037E2627E4}.Release|Any CPU.Build.0 = Release|Any CPU
		{D774B649-DFA0-4786-9C01-85CC19134710}.Debug|Any CPU.ActiveCfg = Debug|Any CPU
		{D774B649-DFA0-4786-9C01-85CC19134710}.Debug|Any CPU.Build.0 = Debug|Any CPU
		{D774B649-DFA0-4786-9C01-85CC19134710}.Release|Any CPU.ActiveCfg = Release|Any CPU
		{D774B649-DFA0-4786-9C01-85CC19134710}.Release|Any CPU.Build.0 = Release|Any CPU
		{38B2DD38-F7D5-4EE3-B3C6-83EFD2D76580}.Debug|Any CPU.ActiveCfg = Debug|Any CPU
		{38B2DD38-F7D5-4EE3-B3C6-83EFD2D76580}.Debug|Any CPU.Build.0 = Debug|Any CPU
		{38B2DD38-F7D5-4EE3-B3C6-83EFD2D76580}.Release|Any CPU.ActiveCfg = Release|Any CPU
		{38B2DD38-F7D5-4EE3-B3C6-83EFD2D76580}.Release|Any CPU.Build.0 = Release|Any CPU
	EndGlobalSection
	GlobalSection(SolutionProperties) = preSolution
		HideSolutionNode = FALSE
	EndGlobalSection
	GlobalSection(ExtensibilityGlobals) = postSolution
		SolutionGuid = {37F27BF0-3104-4C93-B6A7-BE58CF965092}
	EndGlobalSection
EndGlobal
