
Microsoft Visual Studio Solution File, Format Version 12.00
# Visual Studio Version 17
VisualStudioVersion = 17.4.33213.308
MinimumVisualStudioVersion = 10.0.40219.1
Project("{9A19103F-16F7-4668-BE54-9A1E7A4F7556}") = "BLL", "BLL\BLL.csproj", "{D774B649-DFA0-4786-9C01-85CC19134710}"
EndProject
Project("{9A19103F-16F7-4668-BE54-9A1E7A4F7556}") = "DAL", "DAL\DAL.csproj", "{38B2DD38-F7D5-4EE3-B3C6-83EFD2D76580}"
EndProject
Project("{9A19103F-16F7-4668-BE54-9A1E7A4F7556}") = "API", "API\API.csproj", "{8B4188F3-C869-4E75-8CBA-F831027BF0AD}"
EndProject
Project("{9A19103F-16F7-4668-BE54-9A1E7A4F7556}") = "Exceptions", "Exceptions\Exceptions.csproj", "{EAA830ED-5AB5-4C9F-808B-3CD62187A5ED}"
EndProject
Project("{2150E333-8FDC-42A3-9474-1A3956D46DE8}") = "Deleted data", "Deleted data", "{D8D3D2CE-CAC2-49C2-A3EF-CEE10E60F45E}"
EndProject
Project("{9A19103F-16F7-4668-BE54-9A1E7A4F7556}") = "Tests", "Tests\Tests.csproj", "{7A64D152-6FF1-4BF2-8BEC-1FAEA05E7F1D}"
	ProjectSection(ProjectDependencies) = postProject
		{8B4188F3-C869-4E75-8CBA-F831027BF0AD} = {8B4188F3-C869-4E75-8CBA-F831027BF0AD}
	EndProjectSection
EndProject
Project("{54A90642-561A-4BB1-A94E-469ADEE60C69}") = "clientapp", "ClientApp\clientapp.esproj", "{F484B85A-6F8B-4C6F-A5E9-D1EB13369846}"
EndProject
Global
	GlobalSection(SolutionConfigurationPlatforms) = preSolution
		Debug|Any CPU = Debug|Any CPU
		Release|Any CPU = Release|Any CPU
	EndGlobalSection
	GlobalSection(ProjectConfigurationPlatforms) = postSolution
		{D774B649-DFA0-4786-9C01-85CC19134710}.Debug|Any CPU.ActiveCfg = Debug|Any CPU
		{D774B649-DFA0-4786-9C01-85CC19134710}.Debug|Any CPU.Build.0 = Debug|Any CPU
		{D774B649-DFA0-4786-9C01-85CC19134710}.Release|Any CPU.ActiveCfg = Release|Any CPU
		{D774B649-DFA0-4786-9C01-85CC19134710}.Release|Any CPU.Build.0 = Release|Any CPU
		{38B2DD38-F7D5-4EE3-B3C6-83EFD2D76580}.Debug|Any CPU.ActiveCfg = Debug|Any CPU
		{38B2DD38-F7D5-4EE3-B3C6-83EFD2D76580}.Debug|Any CPU.Build.0 = Debug|Any CPU
		{38B2DD38-F7D5-4EE3-B3C6-83EFD2D76580}.Release|Any CPU.ActiveCfg = Release|Any CPU
		{38B2DD38-F7D5-4EE3-B3C6-83EFD2D76580}.Release|Any CPU.Build.0 = Release|Any CPU
		{8B4188F3-C869-4E75-8CBA-F831027BF0AD}.Debug|Any CPU.ActiveCfg = Debug|Any CPU
		{8B4188F3-C869-4E75-8CBA-F831027BF0AD}.Debug|Any CPU.Build.0 = Debug|Any CPU
		{8B4188F3-C869-4E75-8CBA-F831027BF0AD}.Release|Any CPU.ActiveCfg = Release|Any CPU
		{8B4188F3-C869-4E75-8CBA-F831027BF0AD}.Release|Any CPU.Build.0 = Release|Any CPU
		{EAA830ED-5AB5-4C9F-808B-3CD62187A5ED}.Debug|Any CPU.ActiveCfg = Debug|Any CPU
		{EAA830ED-5AB5-4C9F-808B-3CD62187A5ED}.Debug|Any CPU.Build.0 = Debug|Any CPU
		{EAA830ED-5AB5-4C9F-808B-3CD62187A5ED}.Release|Any CPU.ActiveCfg = Release|Any CPU
		{EAA830ED-5AB5-4C9F-808B-3CD62187A5ED}.Release|Any CPU.Build.0 = Release|Any CPU
		{7A64D152-6FF1-4BF2-8BEC-1FAEA05E7F1D}.Debug|Any CPU.ActiveCfg = Debug|Any CPU
		{7A64D152-6FF1-4BF2-8BEC-1FAEA05E7F1D}.Debug|Any CPU.Build.0 = Debug|Any CPU
		{7A64D152-6FF1-4BF2-8BEC-1FAEA05E7F1D}.Release|Any CPU.ActiveCfg = Release|Any CPU
		{7A64D152-6FF1-4BF2-8BEC-1FAEA05E7F1D}.Release|Any CPU.Build.0 = Release|Any CPU
		{F484B85A-6F8B-4C6F-A5E9-D1EB13369846}.Debug|Any CPU.ActiveCfg = Debug|Any CPU
		{F484B85A-6F8B-4C6F-A5E9-D1EB13369846}.Debug|Any CPU.Build.0 = Debug|Any CPU
		{F484B85A-6F8B-4C6F-A5E9-D1EB13369846}.Debug|Any CPU.Deploy.0 = Debug|Any CPU
		{F484B85A-6F8B-4C6F-A5E9-D1EB13369846}.Release|Any CPU.ActiveCfg = Release|Any CPU
		{F484B85A-6F8B-4C6F-A5E9-D1EB13369846}.Release|Any CPU.Build.0 = Release|Any CPU
		{F484B85A-6F8B-4C6F-A5E9-D1EB13369846}.Release|Any CPU.Deploy.0 = Release|Any CPU
	EndGlobalSection
	GlobalSection(SolutionProperties) = preSolution
		HideSolutionNode = FALSE
	EndGlobalSection
	GlobalSection(ExtensibilityGlobals) = postSolution
		SolutionGuid = {37F27BF0-3104-4C93-B6A7-BE58CF965092}
	EndGlobalSection
EndGlobal
